
Microsoft Visual Studio Solution File, Format Version 12.00
# Visual Studio 14
VisualStudioVersion = 14.0.25420.1
MinimumVisualStudioVersion = 10.0.40219.1
Project("{FAE04EC0-301F-11D3-BF4B-00C04F79EFBC}") = "Recursive data retrival", "Recursive data retrival\Recursive data retrival.csproj", "{42B675B9-9C99-45D0-B9FC-3C9698B603B9}"
EndProject
Global
	GlobalSection(SolutionConfigurationPlatforms) = preSolution
		Debug|Any CPU = Debug|Any CPU
		Release|Any CPU = Release|Any CPU
	EndGlobalSection
	GlobalSection(ProjectConfigurationPlatforms) = postSolution
		{42B675B9-9C99-45D0-B9FC-3C9698B603B9}.Debug|Any CPU.ActiveCfg = Debug|Any CPU
		{42B675B9-9C99-45D0-B9FC-3C9698B603B9}.Debug|Any CPU.Build.0 = Debug|Any CPU
		{42B675B9-9C99-45D0-B9FC-3C9698B603B9}.Release|Any CPU.ActiveCfg = Release|Any CPU
		{42B675B9-9C99-45D0-B9FC-3C9698B603B9}.Release|Any CPU.Build.0 = Release|Any CPU
	EndGlobalSection
	GlobalSection(SolutionProperties) = preSolution
		HideSolutionNode = FALSE
	EndGlobalSection
EndGlobal
